// !$*UTF8*$!
{
	archiveVersion = 1;
	classes = {
	};
	objectVersion = 46;
	objects = {

/* Begin PBXBuildFile section */
		626B2FCE1C207678002038ED /* main.m in Sources */ = {isa = PBXBuildFile; fileRef = 626B2FCD1C207678002038ED /* main.m */; };
		626B2FD11C207678002038ED /* AppDelegate.m in Sources */ = {isa = PBXBuildFile; fileRef = 626B2FD01C207678002038ED /* AppDelegate.m */; };
		626B2FD71C207678002038ED /* Main.storyboard in Resources */ = {isa = PBXBuildFile; fileRef = 626B2FD51C207678002038ED /* Main.storyboard */; };
		626B2FD91C207678002038ED /* Assets.xcassets in Resources */ = {isa = PBXBuildFile; fileRef = 626B2FD81C207678002038ED /* Assets.xcassets */; };
		626B2FDC1C207678002038ED /* LaunchScreen.storyboard in Resources */ = {isa = PBXBuildFile; fileRef = 626B2FDA1C207678002038ED /* LaunchScreen.storyboard */; };
		626B2FEE1C2079D8002038ED /* DetailPhotoViewController.m in Sources */ = {isa = PBXBuildFile; fileRef = 626B2FED1C2079D8002038ED /* DetailPhotoViewController.m */; };
		626B2FF11C208326002038ED /* PhotoCollectionViewController.m in Sources */ = {isa = PBXBuildFile; fileRef = 626B2FF01C208326002038ED /* PhotoCollectionViewController.m */; };
		626B2FF41C208340002038ED /* PhotoCollectionViewCell.m in Sources */ = {isa = PBXBuildFile; fileRef = 626B2FF31C208340002038ED /* PhotoCollectionViewCell.m */; };
		626B2FF71C208D3E002038ED /* Photo.m in Sources */ = {isa = PBXBuildFile; fileRef = 626B2FF61C208D3E002038ED /* Photo.m */; };
		AC49BC0F57A2D06501EA19B8 /* Pods_MasterData_Task.framework in Frameworks */ = {isa = PBXBuildFile; fileRef = 6A977CFD8685B67F81549391 /* Pods_MasterData_Task.framework */; settings = {ATTRIBUTES = (Weak, ); }; };
/* End PBXBuildFile section */

/* Begin PBXFileReference section */
		626B2FC91C207678002038ED /* MasterData_Task.app */ = {isa = PBXFileReference; explicitFileType = wrapper.application; includeInIndex = 0; path = MasterData_Task.app; sourceTree = BUILT_PRODUCTS_DIR; };
		626B2FCD1C207678002038ED /* main.m */ = {isa = PBXFileReference; lastKnownFileType = sourcecode.c.objc; path = main.m; sourceTree = "<group>"; };
		626B2FCF1C207678002038ED /* AppDelegate.h */ = {isa = PBXFileReference; lastKnownFileType = sourcecode.c.h; path = AppDelegate.h; sourceTree = "<group>"; };
		626B2FD01C207678002038ED /* AppDelegate.m */ = {isa = PBXFileReference; lastKnownFileType = sourcecode.c.objc; path = AppDelegate.m; sourceTree = "<group>"; };
		626B2FD61C207678002038ED /* Base */ = {isa = PBXFileReference; lastKnownFileType = file.storyboard; name = Base; path = Base.lproj/Main.storyboard; sourceTree = "<group>"; };
		626B2FD81C207678002038ED /* Assets.xcassets */ = {isa = PBXFileReference; lastKnownFileType = folder.assetcatalog; path = Assets.xcassets; sourceTree = "<group>"; };
		626B2FDB1C207678002038ED /* Base */ = {isa = PBXFileReference; lastKnownFileType = file.storyboard; name = Base; path = Base.lproj/LaunchScreen.storyboard; sourceTree = "<group>"; };
		626B2FDD1C207678002038ED /* Info.plist */ = {isa = PBXFileReference; lastKnownFileType = text.plist.xml; path = Info.plist; sourceTree = "<group>"; };
		626B2FEC1C2079D8002038ED /* DetailPhotoViewController.h */ = {isa = PBXFileReference; fileEncoding = 4; lastKnownFileType = sourcecode.c.h; path = DetailPhotoViewController.h; sourceTree = "<group>"; };
		626B2FED1C2079D8002038ED /* DetailPhotoViewController.m */ = {isa = PBXFileReference; fileEncoding = 4; lastKnownFileType = sourcecode.c.objc; path = DetailPhotoViewController.m; sourceTree = "<group>"; };
		626B2FEF1C208326002038ED /* PhotoCollectionViewController.h */ = {isa = PBXFileReference; fileEncoding = 4; lastKnownFileType = sourcecode.c.h; path = PhotoCollectionViewController.h; sourceTree = "<group>"; };
		626B2FF01C208326002038ED /* PhotoCollectionViewController.m */ = {isa = PBXFileReference; fileEncoding = 4; lastKnownFileType = sourcecode.c.objc; path = PhotoCollectionViewController.m; sourceTree = "<group>"; };
		626B2FF21C208340002038ED /* PhotoCollectionViewCell.h */ = {isa = PBXFileReference; fileEncoding = 4; lastKnownFileType = sourcecode.c.h; path = PhotoCollectionViewCell.h; sourceTree = "<group>"; };
		626B2FF31C208340002038ED /* PhotoCollectionViewCell.m */ = {isa = PBXFileReference; fileEncoding = 4; lastKnownFileType = sourcecode.c.objc; path = PhotoCollectionViewCell.m; sourceTree = "<group>"; };
		626B2FF51C208D3E002038ED /* Photo.h */ = {isa = PBXFileReference; fileEncoding = 4; lastKnownFileType = sourcecode.c.h; path = Photo.h; sourceTree = "<group>"; };
		626B2FF61C208D3E002038ED /* Photo.m */ = {isa = PBXFileReference; fileEncoding = 4; lastKnownFileType = sourcecode.c.objc; path = Photo.m; sourceTree = "<group>"; };
		632EE05EC2A0154976DFB44E /* Pods-MasterData_Task.debug.xcconfig */ = {isa = PBXFileReference; includeInIndex = 1; lastKnownFileType = text.xcconfig; name = "Pods-MasterData_Task.debug.xcconfig"; path = "Pods/Target Support Files/Pods-MasterData_Task/Pods-MasterData_Task.debug.xcconfig"; sourceTree = "<group>"; };
		6A977CFD8685B67F81549391 /* Pods_MasterData_Task.framework */ = {isa = PBXFileReference; explicitFileType = wrapper.framework; includeInIndex = 0; path = Pods_MasterData_Task.framework; sourceTree = BUILT_PRODUCTS_DIR; };
		B3A1782D9C564702B95B2DC9 /* Pods-MasterData_Task.release.xcconfig */ = {isa = PBXFileReference; includeInIndex = 1; lastKnownFileType = text.xcconfig; name = "Pods-MasterData_Task.release.xcconfig"; path = "Pods/Target Support Files/Pods-MasterData_Task/Pods-MasterData_Task.release.xcconfig"; sourceTree = "<group>"; };
/* End PBXFileReference section */

/* Begin PBXFrameworksBuildPhase section */
		626B2FC61C207678002038ED /* Frameworks */ = {
			isa = PBXFrameworksBuildPhase;
			buildActionMask = 2147483647;
			files = (
				AC49BC0F57A2D06501EA19B8 /* Pods_MasterData_Task.framework in Frameworks */,
			);
			runOnlyForDeploymentPostprocessing = 0;
		};
/* End PBXFrameworksBuildPhase section */

/* Begin PBXGroup section */
		58D1945E3F5A0AB091E8F1B7 /* Frameworks */ = {
			isa = PBXGroup;
			children = (
				6A977CFD8685B67F81549391 /* Pods_MasterData_Task.framework */,
			);
			name = Frameworks;
			sourceTree = "<group>";
		};
		626B2FC01C207678002038ED = {
			isa = PBXGroup;
			children = (
				626B2FCB1C207678002038ED /* MasterData_Task */,
				626B2FCA1C207678002038ED /* Products */,
				AA2F9219DB7C159DC833B405 /* Pods */,
				58D1945E3F5A0AB091E8F1B7 /* Frameworks */,
			);
			sourceTree = "<group>";
		};
		626B2FCA1C207678002038ED /* Products */ = {
			isa = PBXGroup;
			children = (
				626B2FC91C207678002038ED /* MasterData_Task.app */,
			);
			name = Products;
			sourceTree = "<group>";
		};
		626B2FCB1C207678002038ED /* MasterData_Task */ = {
			isa = PBXGroup;
			children = (
				626B2FE51C2077B8002038ED /* View */,
				626B2FE41C2077AF002038ED /* Controller */,
				626B2FE31C2077A7002038ED /* Model */,
				626B2FCF1C207678002038ED /* AppDelegate.h */,
				626B2FD01C207678002038ED /* AppDelegate.m */,
				626B2FD51C207678002038ED /* Main.storyboard */,
				626B2FD81C207678002038ED /* Assets.xcassets */,
				626B2FDA1C207678002038ED /* LaunchScreen.storyboard */,
				626B2FDD1C207678002038ED /* Info.plist */,
				626B2FCC1C207678002038ED /* Supporting Files */,
			);
			path = MasterData_Task;
			sourceTree = "<group>";
		};
		626B2FCC1C207678002038ED /* Supporting Files */ = {
			isa = PBXGroup;
			children = (
				626B2FCD1C207678002038ED /* main.m */,
			);
			name = "Supporting Files";
			sourceTree = "<group>";
		};
		626B2FE31C2077A7002038ED /* Model */ = {
			isa = PBXGroup;
			children = (
				626B2FF51C208D3E002038ED /* Photo.h */,
				626B2FF61C208D3E002038ED /* Photo.m */,
			);
			name = Model;
			sourceTree = "<group>";
		};
		626B2FE41C2077AF002038ED /* Controller */ = {
			isa = PBXGroup;
			children = (
				626B2FEC1C2079D8002038ED /* DetailPhotoViewController.h */,
				626B2FED1C2079D8002038ED /* DetailPhotoViewController.m */,
				626B2FEF1C208326002038ED /* PhotoCollectionViewController.h */,
				626B2FF01C208326002038ED /* PhotoCollectionViewController.m */,
				626B2FF21C208340002038ED /* PhotoCollectionViewCell.h */,
				626B2FF31C208340002038ED /* PhotoCollectionViewCell.m */,
			);
			name = Controller;
			sourceTree = "<group>";
		};
		626B2FE51C2077B8002038ED /* View */ = {
			isa = PBXGroup;
			children = (
			);
			name = View;
			sourceTree = "<group>";
		};
		AA2F9219DB7C159DC833B405 /* Pods */ = {
			isa = PBXGroup;
			children = (
				632EE05EC2A0154976DFB44E /* Pods-MasterData_Task.debug.xcconfig */,
				B3A1782D9C564702B95B2DC9 /* Pods-MasterData_Task.release.xcconfig */,
			);
			name = Pods;
			sourceTree = "<group>";
		};
/* End PBXGroup section */

/* Begin PBXNativeTarget section */
		626B2FC81C207678002038ED /* MasterData_Task */ = {
			isa = PBXNativeTarget;
			buildConfigurationList = 626B2FE01C207678002038ED /* Build configuration list for PBXNativeTarget "MasterData_Task" */;
			buildPhases = (
				C8E8E418CC9E96288A1193FE /* Check Pods Manifest.lock */,
				626B2FC51C207678002038ED /* Sources */,
				626B2FC61C207678002038ED /* Frameworks */,
				626B2FC71C207678002038ED /* Resources */,
				9BC0D4B37AF4F3F261A216FE /* Copy Pods Resources */,
				5A8EECADABC6D3310A01CDBA /* Embed Pods Frameworks */,
			);
			buildRules = (
			);
			dependencies = (
			);
			name = MasterData_Task;
			productName = MasterData_Task;
			productReference = 626B2FC91C207678002038ED /* MasterData_Task.app */;
			productType = "com.apple.product-type.application";
		};
/* End PBXNativeTarget section */

/* Begin PBXProject section */
		626B2FC11C207678002038ED /* Project object */ = {
			isa = PBXProject;
			attributes = {
				LastUpgradeCheck = 0720;
				ORGANIZATIONNAME = "Eugene Kirtaev";
				TargetAttributes = {
					626B2FC81C207678002038ED = {
						CreatedOnToolsVersion = 7.2;
					};
				};
			};
			buildConfigurationList = 626B2FC41C207678002038ED /* Build configuration list for PBXProject "MasterData_Task" */;
			compatibilityVersion = "Xcode 3.2";
			developmentRegion = English;
			hasScannedForEncodings = 0;
			knownRegions = (
				en,
				Base,
			);
			mainGroup = 626B2FC01C207678002038ED;
			productRefGroup = 626B2FCA1C207678002038ED /* Products */;
			projectDirPath = "";
			projectRoot = "";
			targets = (
				626B2FC81C207678002038ED /* MasterData_Task */,
			);
		};
/* End PBXProject section */

/* Begin PBXResourcesBuildPhase section */
		626B2FC71C207678002038ED /* Resources */ = {
			isa = PBXResourcesBuildPhase;
			buildActionMask = 2147483647;
			files = (
				626B2FDC1C207678002038ED /* LaunchScreen.storyboard in Resources */,
				626B2FD91C207678002038ED /* Assets.xcassets in Resources */,
				626B2FD71C207678002038ED /* Main.storyboard in Resources */,
			);
			runOnlyForDeploymentPostprocessing = 0;
		};
/* End PBXResourcesBuildPhase section */

/* Begin PBXShellScriptBuildPhase section */
		5A8EECADABC6D3310A01CDBA /* Embed Pods Frameworks */ = {
			isa = PBXShellScriptBuildPhase;
			buildActionMask = 2147483647;
			files = (
			);
			inputPaths = (
			);
			name = "Embed Pods Frameworks";
			outputPaths = (
			);
			runOnlyForDeploymentPostprocessing = 0;
			shellPath = /bin/sh;
			shellScript = "\"${SRCROOT}/Pods/Target Support Files/Pods-MasterData_Task/Pods-MasterData_Task-frameworks.sh\"\n";
			showEnvVarsInLog = 0;
		};
		9BC0D4B37AF4F3F261A216FE /* Copy Pods Resources */ = {
			isa = PBXShellScriptBuildPhase;
			buildActionMask = 2147483647;
			files = (
			);
			inputPaths = (
			);
			name = "Copy Pods Resources";
			outputPaths = (
			);
			runOnlyForDeploymentPostprocessing = 0;
			shellPath = /bin/sh;
			shellScript = "\"${SRCROOT}/Pods/Target Support Files/Pods-MasterData_Task/Pods-MasterData_Task-resources.sh\"\n";
			showEnvVarsInLog = 0;
		};
		C8E8E418CC9E96288A1193FE /* Check Pods Manifest.lock */ = {
			isa = PBXShellScriptBuildPhase;
			buildActionMask = 2147483647;
			files = (
			);
			inputPaths = (
			);
			name = "Check Pods Manifest.lock";
			outputPaths = (
			);
			runOnlyForDeploymentPostprocessing = 0;
			shellPath = /bin/sh;
			shellScript = "diff \"${PODS_ROOT}/../Podfile.lock\" \"${PODS_ROOT}/Manifest.lock\" > /dev/null\nif [[ $? != 0 ]] ; then\n    cat << EOM\nerror: The sandbox is not in sync with the Podfile.lock. Run 'pod install' or update your CocoaPods installation.\nEOM\n    exit 1\nfi\n";
			showEnvVarsInLog = 0;
		};
/* End PBXShellScriptBuildPhase section */

/* Begin PBXSourcesBuildPhase section */
		626B2FC51C207678002038ED /* Sources */ = {
			isa = PBXSourcesBuildPhase;
			buildActionMask = 2147483647;
			files = (
				626B2FF71C208D3E002038ED /* Photo.m in Sources */,
				626B2FD11C207678002038ED /* AppDelegate.m in Sources */,
				626B2FEE1C2079D8002038ED /* DetailPhotoViewController.m in Sources */,
				626B2FCE1C207678002038ED /* main.m in Sources */,
				626B2FF41C208340002038ED /* PhotoCollectionViewCell.m in Sources */,
				626B2FF11C208326002038ED /* PhotoCollectionViewController.m in Sources */,
			);
			runOnlyForDeploymentPostprocessing = 0;
		};
/* End PBXSourcesBuildPhase section */

/* Begin PBXVariantGroup section */
		626B2FD51C207678002038ED /* Main.storyboard */ = {
			isa = PBXVariantGroup;
			children = (
				626B2FD61C207678002038ED /* Base */,
			);
			name = Main.storyboard;
			sourceTree = "<group>";
		};
		626B2FDA1C207678002038ED /* LaunchScreen.storyboard */ = {
			isa = PBXVariantGroup;
			children = (
				626B2FDB1C207678002038ED /* Base */,
			);
			name = LaunchScreen.storyboard;
			sourceTree = "<group>";
		};
/* End PBXVariantGroup section */

/* Begin XCBuildConfiguration section */
		626B2FDE1C207678002038ED /* Debug */ = {
			isa = XCBuildConfiguration;
			buildSettings = {
				ALWAYS_SEARCH_USER_PATHS = NO;
				CLANG_CXX_LANGUAGE_STANDARD = "gnu++0x";
				CLANG_CXX_LIBRARY = "libc++";
				CLANG_ENABLE_MODULES = YES;
				CLANG_ENABLE_OBJC_ARC = YES;
				CLANG_WARN_BOOL_CONVERSION = YES;
				CLANG_WARN_CONSTANT_CONVERSION = YES;
				CLANG_WARN_DIRECT_OBJC_ISA_USAGE = YES_ERROR;
				CLANG_WARN_EMPTY_BODY = YES;
				CLANG_WARN_ENUM_CONVERSION = YES;
				CLANG_WARN_INT_CONVERSION = YES;
				CLANG_WARN_OBJC_ROOT_CLASS = YES_ERROR;
				CLANG_WARN_UNREACHABLE_CODE = YES;
				CLANG_WARN__DUPLICATE_METHOD_MATCH = YES;
				"CODE_SIGN_IDENTITY[sdk=iphoneos*]" = "iPhone Developer";
				COPY_PHASE_STRIP = NO;
				DEBUG_INFORMATION_FORMAT = dwarf;
				ENABLE_STRICT_OBJC_MSGSEND = YES;
				ENABLE_TESTABILITY = YES;
				GCC_C_LANGUAGE_STANDARD = gnu99;
				GCC_DYNAMIC_NO_PIC = NO;
				GCC_NO_COMMON_BLOCKS = YES;
				GCC_OPTIMIZATION_LEVEL = 0;
				GCC_PREPROCESSOR_DEFINITIONS = (
					"DEBUG=1",
					"$(inherited)",
				);
				GCC_WARN_64_TO_32_BIT_CONVERSION = YES;
				GCC_WARN_ABOUT_RETURN_TYPE = YES_ERROR;
				GCC_WARN_UNDECLARED_SELECTOR = YES;
				GCC_WARN_UNINITIALIZED_AUTOS = YES_AGGRESSIVE;
				GCC_WARN_UNUSED_FUNCTION = YES;
				GCC_WARN_UNUSED_VARIABLE = YES;
				IPHONEOS_DEPLOYMENT_TARGET = 9.2;
				MTL_ENABLE_DEBUG_INFO = YES;
				ONLY_ACTIVE_ARCH = YES;
				SDKROOT = iphoneos;
			};
			name = Debug;
		};
		626B2FDF1C207678002038ED /* Release */ = {
			isa = XCBuildConfiguration;
			buildSettings = {
				ALWAYS_SEARCH_USER_PATHS = NO;
				CLANG_CXX_LANGUAGE_STANDARD = "gnu++0x";
				CLANG_CXX_LIBRARY = "libc++";
				CLANG_ENABLE_MODULES = YES;
				CLANG_ENABLE_OBJC_ARC = YES;
				CLANG_WARN_BOOL_CONVERSION = YES;
				CLANG_WARN_CONSTANT_CONVERSION = YES;
				CLANG_WARN_DIRECT_OBJC_ISA_USAGE = YES_ERROR;
				CLANG_WARN_EMPTY_BODY = YES;
				CLANG_WARN_ENUM_CONVERSION = YES;
				CLANG_WARN_INT_CONVERSION = YES;
				CLANG_WARN_OBJC_ROOT_CLASS = YES_ERROR;
				CLANG_WARN_UNREACHABLE_CODE = YES;
				CLANG_WARN__DUPLICATE_METHOD_MATCH = YES;
				"CODE_SIGN_IDENTITY[sdk=iphoneos*]" = "iPhone Developer";
				COPY_PHASE_STRIP = NO;
				DEBUG_INFORMATION_FORMAT = "dwarf-with-dsym";
				ENABLE_NS_ASSERTIONS = NO;
				ENABLE_STRICT_OBJC_MSGSEND = YES;
				GCC_C_LANGUAGE_STANDARD = gnu99;
				GCC_NO_COMMON_BLOCKS = YES;
				GCC_WARN_64_TO_32_BIT_CONVERSION = YES;
				GCC_WARN_ABOUT_RETURN_TYPE = YES_ERROR;
				GCC_WARN_UNDECLARED_SELECTOR = YES;
				GCC_WARN_UNINITIALIZED_AUTOS = YES_AGGRESSIVE;
				GCC_WARN_UNUSED_FUNCTION = YES;
				GCC_WARN_UNUSED_VARIABLE = YES;
				IPHONEOS_DEPLOYMENT_TARGET = 9.2;
				MTL_ENABLE_DEBUG_INFO = NO;
				SDKROOT = iphoneos;
				VALIDATE_PRODUCT = YES;
			};
			name = Release;
		};
		626B2FE11C207678002038ED /* Debug */ = {
			isa = XCBuildConfiguration;
			baseConfigurationReference = 632EE05EC2A0154976DFB44E /* Pods-MasterData_Task.debug.xcconfig */;
			buildSettings = {
				ASSETCATALOG_COMPILER_APPICON_NAME = AppIcon;
				INFOPLIST_FILE = MasterData_Task/Info.plist;
				LD_RUNPATH_SEARCH_PATHS = "$(inherited) @executable_path/Frameworks";
				PRODUCT_BUNDLE_IDENTIFIER = "Eugene-Kirtaev.MasterData-Task";
				PRODUCT_NAME = "$(TARGET_NAME)";
			};
			name = Debug;
		};
		626B2FE21C207678002038ED /* Release */ = {
			isa = XCBuildConfiguration;
			baseConfigurationReference = B3A1782D9C564702B95B2DC9 /* Pods-MasterData_Task.release.xcconfig */;
			buildSettings = {
				ASSETCATALOG_COMPILER_APPICON_NAME = AppIcon;
				INFOPLIST_FILE = MasterData_Task/Info.plist;
				LD_RUNPATH_SEARCH_PATHS = "$(inherited) @executable_path/Frameworks";
				PRODUCT_BUNDLE_IDENTIFIER = "Eugene-Kirtaev.MasterData-Task";
				PRODUCT_NAME = "$(TARGET_NAME)";
			};
			name = Release;
		};
/* End XCBuildConfiguration section */

/* Begin XCConfigurationList section */
		626B2FC41C207678002038ED /* Build configuration list for PBXProject "MasterData_Task" */ = {
			isa = XCConfigurationList;
			buildConfigurations = (
				626B2FDE1C207678002038ED /* Debug */,
				626B2FDF1C207678002038ED /* Release */,
			);
			defaultConfigurationIsVisible = 0;
			defaultConfigurationName = Release;
		};
		626B2FE01C207678002038ED /* Build configuration list for PBXNativeTarget "MasterData_Task" */ = {
			isa = XCConfigurationList;
			buildConfigurations = (
				626B2FE11C207678002038ED /* Debug */,
				626B2FE21C207678002038ED /* Release */,
			);
			defaultConfigurationIsVisible = 0;
			defaultConfigurationName = Release;
		};
/* End XCConfigurationList section */
	};
	rootObject = 626B2FC11C207678002038ED /* Project object */;
}
